
Microsoft Visual Studio Solution File, Format Version 12.00
# Visual Studio Version 17
VisualStudioVersion = 17.5.002.0
MinimumVisualStudioVersion = 10.0.40219.1
Project("{9A19103F-16F7-4668-BE54-9A1E7A4F7556}") = "MessagingSystem.Client", "MessagingSystem.Client.csproj", "{4C7D612F-0197-4873-BA1E-75397FAB6DC1}"
EndProject
Global
	GlobalSection(SolutionConfigurationPlatforms) = preSolution
		Debug|Any CPU = Debug|Any CPU
		Release|Any CPU = Release|Any CPU
	EndGlobalSection
	GlobalSection(ProjectConfigurationPlatforms) = postSolution
		{4C7D612F-0197-4873-BA1E-75397FAB6DC1}.Debug|Any CPU.ActiveCfg = Debug|Any CPU
		{4C7D612F-0197-4873-BA1E-75397FAB6DC1}.Debug|Any CPU.Build.0 = Debug|Any CPU
		{4C7D612F-0197-4873-BA1E-75397FAB6DC1}.Release|Any CPU.ActiveCfg = Release|Any CPU
		{4C7D612F-0197-4873-BA1E-75397FAB6DC1}.Release|Any CPU.Build.0 = Release|Any CPU
	EndGlobalSection
	GlobalSection(SolutionProperties) = preSolution
		HideSolutionNode = FALSE
	EndGlobalSection
	GlobalSection(ExtensibilityGlobals) = postSolution
		SolutionGuid = {5CB75457-7905-4CFC-960A-58A5768543C5}
	EndGlobalSection
EndGlobal
